// !$*UTF8*$!
{
	archiveVersion = 1;
	classes = {
	};
	objectVersion = 52;
	objects = {

/* Begin PBXBuildFile section */
		BFD5FA152396D4D000767CE4 /* AppDelegate.swift in Sources */ = {isa = PBXBuildFile; fileRef = BFD5FA142396D4D000767CE4 /* AppDelegate.swift */; };
		BFD5FA172396D4D000767CE4 /* SceneDelegate.swift in Sources */ = {isa = PBXBuildFile; fileRef = BFD5FA162396D4D000767CE4 /* SceneDelegate.swift */; };
		BFD5FA192396D4D000767CE4 /* ContentView.swift in Sources */ = {isa = PBXBuildFile; fileRef = BFD5FA182396D4D000767CE4 /* ContentView.swift */; };
		BFD5FA1B2396D4D200767CE4 /* Assets.xcassets in Resources */ = {isa = PBXBuildFile; fileRef = BFD5FA1A2396D4D200767CE4 /* Assets.xcassets */; };
		BFD5FA1E2396D4D200767CE4 /* Preview Assets.xcassets in Resources */ = {isa = PBXBuildFile; fileRef = BFD5FA1D2396D4D200767CE4 /* Preview Assets.xcassets */; };
		BFD5FA212396D4D200767CE4 /* LaunchScreen.storyboard in Resources */ = {isa = PBXBuildFile; fileRef = BFD5FA1F2396D4D200767CE4 /* LaunchScreen.storyboard */; };
		BFD5FA2A2396D56300767CE4 /* Apollo in Frameworks */ = {isa = PBXBuildFile; productRef = BFD5FA292396D56300767CE4 /* Apollo */; };
		BFD5FA2C2396D56300767CE4 /* ApolloWebSocket in Frameworks */ = {isa = PBXBuildFile; productRef = BFD5FA2B2396D56300767CE4 /* ApolloWebSocket */; };
		BFD5FA322396E1A900767CE4 /* AuthUser.graphql in Resources */ = {isa = PBXBuildFile; fileRef = BFD5FA312396E1A900767CE4 /* AuthUser.graphql */; };
		BFD5FA342396E20A00767CE4 /* API.swift in Sources */ = {isa = PBXBuildFile; fileRef = BFD5FA332396E20A00767CE4 /* API.swift */; };
		BFD5FA362396E83E00767CE4 /* ContentViewModel.swift in Sources */ = {isa = PBXBuildFile; fileRef = BFD5FA352396E83E00767CE4 /* ContentViewModel.swift */; };
		BFD5FA382397753B00767CE4 /* Network.swift in Sources */ = {isa = PBXBuildFile; fileRef = BFD5FA372397753B00767CE4 /* Network.swift */; };
		BFD5FA3A2397785200767CE4 /* GitHubToken.plist in Resources */ = {isa = PBXBuildFile; fileRef = BFD5FA392397785200767CE4 /* GitHubToken.plist */; };
/* End PBXBuildFile section */

/* Begin PBXFileReference section */
		BFD5FA112396D4D000767CE4 /* GraphQLSample.app */ = {isa = PBXFileReference; explicitFileType = wrapper.application; includeInIndex = 0; path = GraphQLSample.app; sourceTree = BUILT_PRODUCTS_DIR; };
		BFD5FA142396D4D000767CE4 /* AppDelegate.swift */ = {isa = PBXFileReference; lastKnownFileType = sourcecode.swift; path = AppDelegate.swift; sourceTree = "<group>"; };
		BFD5FA162396D4D000767CE4 /* SceneDelegate.swift */ = {isa = PBXFileReference; lastKnownFileType = sourcecode.swift; path = SceneDelegate.swift; sourceTree = "<group>"; };
		BFD5FA182396D4D000767CE4 /* ContentView.swift */ = {isa = PBXFileReference; lastKnownFileType = sourcecode.swift; path = ContentView.swift; sourceTree = "<group>"; };
		BFD5FA1A2396D4D200767CE4 /* Assets.xcassets */ = {isa = PBXFileReference; lastKnownFileType = folder.assetcatalog; path = Assets.xcassets; sourceTree = "<group>"; };
		BFD5FA1D2396D4D200767CE4 /* Preview Assets.xcassets */ = {isa = PBXFileReference; lastKnownFileType = folder.assetcatalog; path = "Preview Assets.xcassets"; sourceTree = "<group>"; };
		BFD5FA202396D4D200767CE4 /* Base */ = {isa = PBXFileReference; lastKnownFileType = file.storyboard; name = Base; path = Base.lproj/LaunchScreen.storyboard; sourceTree = "<group>"; };
		BFD5FA222396D4D200767CE4 /* Info.plist */ = {isa = PBXFileReference; lastKnownFileType = text.plist.xml; path = Info.plist; sourceTree = "<group>"; };
		BFD5FA302396DA6C00767CE4 /* schema.json */ = {isa = PBXFileReference; lastKnownFileType = text.json; path = schema.json; sourceTree = "<group>"; };
		BFD5FA312396E1A900767CE4 /* AuthUser.graphql */ = {isa = PBXFileReference; lastKnownFileType = text; path = AuthUser.graphql; sourceTree = "<group>"; };
		BFD5FA332396E20A00767CE4 /* API.swift */ = {isa = PBXFileReference; fileEncoding = 4; lastKnownFileType = sourcecode.swift; path = API.swift; sourceTree = "<group>"; };
		BFD5FA352396E83E00767CE4 /* ContentViewModel.swift */ = {isa = PBXFileReference; lastKnownFileType = sourcecode.swift; path = ContentViewModel.swift; sourceTree = "<group>"; };
		BFD5FA372397753B00767CE4 /* Network.swift */ = {isa = PBXFileReference; lastKnownFileType = sourcecode.swift; path = Network.swift; sourceTree = "<group>"; };
		BFD5FA392397785200767CE4 /* GitHubToken.plist */ = {isa = PBXFileReference; lastKnownFileType = text.plist.xml; path = GitHubToken.plist; sourceTree = "<group>"; };
/* End PBXFileReference section */

/* Begin PBXFrameworksBuildPhase section */
		BFD5FA0E2396D4D000767CE4 /* Frameworks */ = {
			isa = PBXFrameworksBuildPhase;
			buildActionMask = 2147483647;
			files = (
				BFD5FA2A2396D56300767CE4 /* Apollo in Frameworks */,
				BFD5FA2C2396D56300767CE4 /* ApolloWebSocket in Frameworks */,
			);
			runOnlyForDeploymentPostprocessing = 0;
		};
/* End PBXFrameworksBuildPhase section */

/* Begin PBXGroup section */
		BFD5FA082396D4D000767CE4 = {
			isa = PBXGroup;
			children = (
				BFD5FA132396D4D000767CE4 /* GraphQLSample */,
				BFD5FA122396D4D000767CE4 /* Products */,
			);
			sourceTree = "<group>";
		};
		BFD5FA122396D4D000767CE4 /* Products */ = {
			isa = PBXGroup;
			children = (
				BFD5FA112396D4D000767CE4 /* GraphQLSample.app */,
			);
			name = Products;
			sourceTree = "<group>";
		};
		BFD5FA132396D4D000767CE4 /* GraphQLSample */ = {
			isa = PBXGroup;
			children = (
				BFD5FA332396E20A00767CE4 /* API.swift */,
				BFD5FA302396DA6C00767CE4 /* schema.json */,
				BFD5FA142396D4D000767CE4 /* AppDelegate.swift */,
				BFD5FA162396D4D000767CE4 /* SceneDelegate.swift */,
				BFD5FA182396D4D000767CE4 /* ContentView.swift */,
				BFD5FA352396E83E00767CE4 /* ContentViewModel.swift */,
				BFD5FA1A2396D4D200767CE4 /* Assets.xcassets */,
				BFD5FA1F2396D4D200767CE4 /* LaunchScreen.storyboard */,
				BFD5FA222396D4D200767CE4 /* Info.plist */,
				BFD5FA1C2396D4D200767CE4 /* Preview Content */,
				BFD5FA312396E1A900767CE4 /* AuthUser.graphql */,
				BFD5FA372397753B00767CE4 /* Network.swift */,
				BFD5FA392397785200767CE4 /* GitHubToken.plist */,
			);
			path = GraphQLSample;
			sourceTree = "<group>";
		};
		BFD5FA1C2396D4D200767CE4 /* Preview Content */ = {
			isa = PBXGroup;
			children = (
				BFD5FA1D2396D4D200767CE4 /* Preview Assets.xcassets */,
			);
			path = "Preview Content";
			sourceTree = "<group>";
		};
/* End PBXGroup section */

/* Begin PBXNativeTarget section */
		BFD5FA102396D4D000767CE4 /* GraphQLSample */ = {
			isa = PBXNativeTarget;
			buildConfigurationList = BFD5FA252396D4D200767CE4 /* Build configuration list for PBXNativeTarget "GraphQLSample" */;
			buildPhases = (
				BFD5FA0D2396D4D000767CE4 /* Sources */,
				BFD5FA0E2396D4D000767CE4 /* Frameworks */,
				BFD5FA0F2396D4D000767CE4 /* Resources */,
				BFD5FA2D2396D60C00767CE4 /* Apollo CLI */,
			);
			buildRules = (
			);
			dependencies = (
			);
			name = GraphQLSample;
			packageProductDependencies = (
				BFD5FA292396D56300767CE4 /* Apollo */,
				BFD5FA2B2396D56300767CE4 /* ApolloWebSocket */,
			);
			productName = GraphQLSample;
			productReference = BFD5FA112396D4D000767CE4 /* GraphQLSample.app */;
			productType = "com.apple.product-type.application";
		};
/* End PBXNativeTarget section */

/* Begin PBXProject section */
		BFD5FA092396D4D000767CE4 /* Project object */ = {
			isa = PBXProject;
			attributes = {
				LastSwiftUpdateCheck = 1120;
				LastUpgradeCheck = 1120;
				ORGANIZATIONNAME = "ry-itto";
				TargetAttributes = {
					BFD5FA102396D4D000767CE4 = {
						CreatedOnToolsVersion = 11.2.1;
					};
				};
			};
			buildConfigurationList = BFD5FA0C2396D4D000767CE4 /* Build configuration list for PBXProject "GraphQLSample" */;
			compatibilityVersion = "Xcode 9.3";
			developmentRegion = en;
			hasScannedForEncodings = 0;
			knownRegions = (
				en,
				Base,
			);
			mainGroup = BFD5FA082396D4D000767CE4;
			packageReferences = (
				BFD5FA282396D56300767CE4 /* XCRemoteSwiftPackageReference "apollo-ios" */,
			);
			productRefGroup = BFD5FA122396D4D000767CE4 /* Products */;
			projectDirPath = "";
			projectRoot = "";
			targets = (
				BFD5FA102396D4D000767CE4 /* GraphQLSample */,
			);
		};
/* End PBXProject section */

/* Begin PBXResourcesBuildPhase section */
		BFD5FA0F2396D4D000767CE4 /* Resources */ = {
			isa = PBXResourcesBuildPhase;
			buildActionMask = 2147483647;
			files = (
				BFD5FA212396D4D200767CE4 /* LaunchScreen.storyboard in Resources */,
				BFD5FA1E2396D4D200767CE4 /* Preview Assets.xcassets in Resources */,
				BFD5FA322396E1A900767CE4 /* AuthUser.graphql in Resources */,
				BFD5FA3A2397785200767CE4 /* GitHubToken.plist in Resources */,
				BFD5FA1B2396D4D200767CE4 /* Assets.xcassets in Resources */,
			);
			runOnlyForDeploymentPostprocessing = 0;
		};
/* End PBXResourcesBuildPhase section */

/* Begin PBXShellScriptBuildPhase section */
		BFD5FA2D2396D60C00767CE4 /* Apollo CLI */ = {
			isa = PBXShellScriptBuildPhase;
			buildActionMask = 2147483647;
			files = (
			);
			inputFileListPaths = (
			);
			inputPaths = (
			);
			name = "Apollo CLI";
			outputFileListPaths = (
				"",
			);
			outputPaths = (
			);
			runOnlyForDeploymentPostprocessing = 0;
			shellPath = /bin/sh;
			shellScript = "alias apollo=${SRCROOT}/node_modules/apollo/bin/run\n\ncd ${SRCROOT}/${PROJECT}\napollo codegen:generate --queries=AuthUser.graphql --localSchemaFile=schema.json --target=swift API.swift\n";
		};
/* End PBXShellScriptBuildPhase section */

/* Begin PBXSourcesBuildPhase section */
		BFD5FA0D2396D4D000767CE4 /* Sources */ = {
			isa = PBXSourcesBuildPhase;
			buildActionMask = 2147483647;
			files = (
				BFD5FA152396D4D000767CE4 /* AppDelegate.swift in Sources */,
				BFD5FA172396D4D000767CE4 /* SceneDelegate.swift in Sources */,
				BFD5FA382397753B00767CE4 /* Network.swift in Sources */,
				BFD5FA342396E20A00767CE4 /* API.swift in Sources */,
				BFD5FA192396D4D000767CE4 /* ContentView.swift in Sources */,
				BFD5FA362396E83E00767CE4 /* ContentViewModel.swift in Sources */,
			);
			runOnlyForDeploymentPostprocessing = 0;
		};
/* End PBXSourcesBuildPhase section */

/* Begin PBXVariantGroup section */
		BFD5FA1F2396D4D200767CE4 /* LaunchScreen.storyboard */ = {
			isa = PBXVariantGroup;
			children = (
				BFD5FA202396D4D200767CE4 /* Base */,
			);
			name = LaunchScreen.storyboard;
			sourceTree = "<group>";
		};
/* End PBXVariantGroup section */

/* Begin XCBuildConfiguration section */
		BFD5FA232396D4D200767CE4 /* Debug */ = {
			isa = XCBuildConfiguration;
			buildSettings = {
				ALWAYS_SEARCH_USER_PATHS = NO;
				CLANG_ANALYZER_NONNULL = YES;
				CLANG_ANALYZER_NUMBER_OBJECT_CONVERSION = YES_AGGRESSIVE;
				CLANG_CXX_LANGUAGE_STANDARD = "gnu++14";
				CLANG_CXX_LIBRARY = "libc++";
				CLANG_ENABLE_MODULES = YES;
				CLANG_ENABLE_OBJC_ARC = YES;
				CLANG_ENABLE_OBJC_WEAK = YES;
				CLANG_WARN_BLOCK_CAPTURE_AUTORELEASING = YES;
				CLANG_WARN_BOOL_CONVERSION = YES;
				CLANG_WARN_COMMA = YES;
				CLANG_WARN_CONSTANT_CONVERSION = YES;
				CLANG_WARN_DEPRECATED_OBJC_IMPLEMENTATIONS = YES;
				CLANG_WARN_DIRECT_OBJC_ISA_USAGE = YES_ERROR;
				CLANG_WARN_DOCUMENTATION_COMMENTS = YES;
				CLANG_WARN_EMPTY_BODY = YES;
				CLANG_WARN_ENUM_CONVERSION = YES;
				CLANG_WARN_INFINITE_RECURSION = YES;
				CLANG_WARN_INT_CONVERSION = YES;
				CLANG_WARN_NON_LITERAL_NULL_CONVERSION = YES;
				CLANG_WARN_OBJC_IMPLICIT_RETAIN_SELF = YES;
				CLANG_WARN_OBJC_LITERAL_CONVERSION = YES;
				CLANG_WARN_OBJC_ROOT_CLASS = YES_ERROR;
				CLANG_WARN_RANGE_LOOP_ANALYSIS = YES;
				CLANG_WARN_STRICT_PROTOTYPES = YES;
				CLANG_WARN_SUSPICIOUS_MOVE = YES;
				CLANG_WARN_UNGUARDED_AVAILABILITY = YES_AGGRESSIVE;
				CLANG_WARN_UNREACHABLE_CODE = YES;
				CLANG_WARN__DUPLICATE_METHOD_MATCH = YES;
				COPY_PHASE_STRIP = NO;
				DEBUG_INFORMATION_FORMAT = dwarf;
				ENABLE_STRICT_OBJC_MSGSEND = YES;
				ENABLE_TESTABILITY = YES;
				GCC_C_LANGUAGE_STANDARD = gnu11;
				GCC_DYNAMIC_NO_PIC = NO;
				GCC_NO_COMMON_BLOCKS = YES;
				GCC_OPTIMIZATION_LEVEL = 0;
				GCC_PREPROCESSOR_DEFINITIONS = (
					"DEBUG=1",
					"$(inherited)",
				);
				GCC_WARN_64_TO_32_BIT_CONVERSION = YES;
				GCC_WARN_ABOUT_RETURN_TYPE = YES_ERROR;
				GCC_WARN_UNDECLARED_SELECTOR = YES;
				GCC_WARN_UNINITIALIZED_AUTOS = YES_AGGRESSIVE;
				GCC_WARN_UNUSED_FUNCTION = YES;
				GCC_WARN_UNUSED_VARIABLE = YES;
				IPHONEOS_DEPLOYMENT_TARGET = 13.2;
				MTL_ENABLE_DEBUG_INFO = INCLUDE_SOURCE;
				MTL_FAST_MATH = YES;
				ONLY_ACTIVE_ARCH = YES;
				SDKROOT = iphoneos;
				SWIFT_ACTIVE_COMPILATION_CONDITIONS = DEBUG;
				SWIFT_OPTIMIZATION_LEVEL = "-Onone";
			};
			name = Debug;
		};
		BFD5FA242396D4D200767CE4 /* Release */ = {
			isa = XCBuildConfiguration;
			buildSettings = {
				ALWAYS_SEARCH_USER_PATHS = NO;
				CLANG_ANALYZER_NONNULL = YES;
				CLANG_ANALYZER_NUMBER_OBJECT_CONVERSION = YES_AGGRESSIVE;
				CLANG_CXX_LANGUAGE_STANDARD = "gnu++14";
				CLANG_CXX_LIBRARY = "libc++";
				CLANG_ENABLE_MODULES = YES;
				CLANG_ENABLE_OBJC_ARC = YES;
				CLANG_ENABLE_OBJC_WEAK = YES;
				CLANG_WARN_BLOCK_CAPTURE_AUTORELEASING = YES;
				CLANG_WARN_BOOL_CONVERSION = YES;
				CLANG_WARN_COMMA = YES;
				CLANG_WARN_CONSTANT_CONVERSION = YES;
				CLANG_WARN_DEPRECATED_OBJC_IMPLEMENTATIONS = YES;
				CLANG_WARN_DIRECT_OBJC_ISA_USAGE = YES_ERROR;
				CLANG_WARN_DOCUMENTATION_COMMENTS = YES;
				CLANG_WARN_EMPTY_BODY = YES;
				CLANG_WARN_ENUM_CONVERSION = YES;
				CLANG_WARN_INFINITE_RECURSION = YES;
				CLANG_WARN_INT_CONVERSION = YES;
				CLANG_WARN_NON_LITERAL_NULL_CONVERSION = YES;
				CLANG_WARN_OBJC_IMPLICIT_RETAIN_SELF = YES;
				CLANG_WARN_OBJC_LITERAL_CONVERSION = YES;
				CLANG_WARN_OBJC_ROOT_CLASS = YES_ERROR;
				CLANG_WARN_RANGE_LOOP_ANALYSIS = YES;
				CLANG_WARN_STRICT_PROTOTYPES = YES;
				CLANG_WARN_SUSPICIOUS_MOVE = YES;
				CLANG_WARN_UNGUARDED_AVAILABILITY = YES_AGGRESSIVE;
				CLANG_WARN_UNREACHABLE_CODE = YES;
				CLANG_WARN__DUPLICATE_METHOD_MATCH = YES;
				COPY_PHASE_STRIP = NO;
				DEBUG_INFORMATION_FORMAT = "dwarf-with-dsym";
				ENABLE_NS_ASSERTIONS = NO;
				ENABLE_STRICT_OBJC_MSGSEND = YES;
				GCC_C_LANGUAGE_STANDARD = gnu11;
				GCC_NO_COMMON_BLOCKS = YES;
				GCC_WARN_64_TO_32_BIT_CONVERSION = YES;
				GCC_WARN_ABOUT_RETURN_TYPE = YES_ERROR;
				GCC_WARN_UNDECLARED_SELECTOR = YES;
				GCC_WARN_UNINITIALIZED_AUTOS = YES_AGGRESSIVE;
				GCC_WARN_UNUSED_FUNCTION = YES;
				GCC_WARN_UNUSED_VARIABLE = YES;
				IPHONEOS_DEPLOYMENT_TARGET = 13.2;
				MTL_ENABLE_DEBUG_INFO = NO;
				MTL_FAST_MATH = YES;
				SDKROOT = iphoneos;
				SWIFT_COMPILATION_MODE = wholemodule;
				SWIFT_OPTIMIZATION_LEVEL = "-O";
				VALIDATE_PRODUCT = YES;
			};
			name = Release;
		};
		BFD5FA262396D4D200767CE4 /* Debug */ = {
			isa = XCBuildConfiguration;
			buildSettings = {
				ASSETCATALOG_COMPILER_APPICON_NAME = AppIcon;
				CODE_SIGN_STYLE = Automatic;
				DEVELOPMENT_ASSET_PATHS = "\"GraphQLSample/Preview Content\"";
				DEVELOPMENT_TEAM = DFY27HWN2G;
				ENABLE_PREVIEWS = YES;
				INFOPLIST_FILE = GraphQLSample/Info.plist;
				LD_RUNPATH_SEARCH_PATHS = (
					"$(inherited)",
					"@executable_path/Frameworks",
				);
				PRODUCT_BUNDLE_IDENTIFIER = "ry-itto.QiitaAPIKit.GraphQLSample";
				PRODUCT_NAME = "$(TARGET_NAME)";
				SWIFT_VERSION = 5.0;
				TARGETED_DEVICE_FAMILY = "1,2";
			};
			name = Debug;
		};
		BFD5FA272396D4D200767CE4 /* Release */ = {
			isa = XCBuildConfiguration;
			buildSettings = {
				ASSETCATALOG_COMPILER_APPICON_NAME = AppIcon;
				CODE_SIGN_STYLE = Automatic;
				DEVELOPMENT_ASSET_PATHS = "\"GraphQLSample/Preview Content\"";
				DEVELOPMENT_TEAM = DFY27HWN2G;
				ENABLE_PREVIEWS = YES;
				INFOPLIST_FILE = GraphQLSample/Info.plist;
				LD_RUNPATH_SEARCH_PATHS = (
					"$(inherited)",
					"@executable_path/Frameworks",
				);
				PRODUCT_BUNDLE_IDENTIFIER = "ry-itto.QiitaAPIKit.GraphQLSample";
				PRODUCT_NAME = "$(TARGET_NAME)";
				SWIFT_VERSION = 5.0;
				TARGETED_DEVICE_FAMILY = "1,2";
			};
			name = Release;
		};
/* End XCBuildConfiguration section */

/* Begin XCConfigurationList section */
		BFD5FA0C2396D4D000767CE4 /* Build configuration list for PBXProject "GraphQLSample" */ = {
			isa = XCConfigurationList;
			buildConfigurations = (
				BFD5FA232396D4D200767CE4 /* Debug */,
				BFD5FA242396D4D200767CE4 /* Release */,
			);
			defaultConfigurationIsVisible = 0;
			defaultConfigurationName = Release;
		};
		BFD5FA252396D4D200767CE4 /* Build configuration list for PBXNativeTarget "GraphQLSample" */ = {
			isa = XCConfigurationList;
			buildConfigurations = (
				BFD5FA262396D4D200767CE4 /* Debug */,
				BFD5FA272396D4D200767CE4 /* Release */,
			);
			defaultConfigurationIsVisible = 0;
			defaultConfigurationName = Release;
		};
/* End XCConfigurationList section */

/* Begin XCRemoteSwiftPackageReference section */
		BFD5FA282396D56300767CE4 /* XCRemoteSwiftPackageReference "apollo-ios" */ = {
			isa = XCRemoteSwiftPackageReference;
			repositoryURL = "https://github.com/apollographql/apollo-ios";
			requirement = {
				kind = upToNextMajorVersion;
				minimumVersion = 0.20.0;
			};
		};
/* End XCRemoteSwiftPackageReference section */

/* Begin XCSwiftPackageProductDependency section */
		BFD5FA292396D56300767CE4 /* Apollo */ = {
			isa = XCSwiftPackageProductDependency;
			package = BFD5FA282396D56300767CE4 /* XCRemoteSwiftPackageReference "apollo-ios" */;
			productName = Apollo;
		};
		BFD5FA2B2396D56300767CE4 /* ApolloWebSocket */ = {
			isa = XCSwiftPackageProductDependency;
			package = BFD5FA282396D56300767CE4 /* XCRemoteSwiftPackageReference "apollo-ios" */;
			productName = ApolloWebSocket;
		};
/* End XCSwiftPackageProductDependency section */
	};
	rootObject = BFD5FA092396D4D000767CE4 /* Project object */;
}
